
Microsoft Visual Studio Solution File, Format Version 12.00
# Visual Studio Version 16
VisualStudioVersion = 16.0.30128.74
MinimumVisualStudioVersion = 10.0.40219.1
Project("{FAE04EC0-301F-11D3-BF4B-00C04F79EFBC}") = "TN_academic", "TN_academic\TN_academic.csproj", "{7DF587C0-9F9E-42A0-89FF-BF5086D87505}"
EndProject
Global
	GlobalSection(SolutionConfigurationPlatforms) = preSolution
		Debug|Any CPU = Debug|Any CPU
		Release|Any CPU = Release|Any CPU
	EndGlobalSection
	GlobalSection(ProjectConfigurationPlatforms) = postSolution
		{7DF587C0-9F9E-42A0-89FF-BF5086D87505}.Debug|Any CPU.ActiveCfg = Debug|Any CPU
		{7DF587C0-9F9E-42A0-89FF-BF5086D87505}.Debug|Any CPU.Build.0 = Debug|Any CPU
		{7DF587C0-9F9E-42A0-89FF-BF5086D87505}.Release|Any CPU.ActiveCfg = Release|Any CPU
		{7DF587C0-9F9E-42A0-89FF-BF5086D87505}.Release|Any CPU.Build.0 = Release|Any CPU
	EndGlobalSection
	GlobalSection(SolutionProperties) = preSolution
		HideSolutionNode = FALSE
	EndGlobalSection
	GlobalSection(ExtensibilityGlobals) = postSolution
		SolutionGuid = {00014A4D-0A27-4FE5-B3B8-4CA7EE0A9B56}
	EndGlobalSection
EndGlobal
